PODS:
  - AppTextviewPlaceholder (1.2)

DEPENDENCIES:
  - AppTextviewPlaceholder (from `../`)

EXTERNAL SOURCES:
  AppTextviewPlaceholder:
    :path: "../"

SPEC CHECKSUMS:
  AppTextviewPlaceholder: 0bd5c8cd95ddf6c0b70363a0862c376eb9529dfb

PODFILE CHECKSUM: 6e960cc581f74176e6ca159b698191bcce18dd80

COCOAPODS: 1.7.2
